{
  "nodes": {
    "home-manager": {
      "inputs": {
        "nixpkgs": [
          "nixpkgs"
        ]
      },
      "locked": {
        "lastModified": 1697688028,
        "narHash": "sha256-d9CAOd9W2iTrgB31a8Dvyp6Vgn/gxASCNrD4Z9yzUOY=",
        "owner": "nix-community",
        "repo": "home-manager",
        "rev": "c5c1ea85181d2bb44e46e8a944a8a3f56ad88f19",
        "type": "github"
      },
      "original": {
        "owner": "nix-community",
        "repo": "home-manager",
        "type": "github"
      }
    },
    "nixpkgs": {
      "locked": {
        "lastModified": 1697838558,
        "narHash": "sha256-/peGlfsdb4DkhASQ1b4SnDUB4NkNK6+GnqgTuNgRAyQ=",
        "owner": "NixOS",
        "repo": "nixpkgs",
        "rev": "5c78e5b4aa516bd7c34718e219abfefe6bc62e55",
        "type": "github"
      },
      "original": {
        "owner": "NixOS",
        "repo": "nixpkgs",
        "type": "github"
      }
    },
    "root": {
      "inputs": {
        "home-manager": "home-manager",
        "nixpkgs": "nixpkgs"
      }
    }
  },
  "root": "root",
  "version": 7
}
